// !$*UTF8*$!
{
	archiveVersion = 1;
	classes = {
	};
	objectVersion = 50;
	objects = {

/* Begin PBXBuildFile section */
		4D345DED26726795008FCAD0 /* AppDelegate.swift in Sources */ = {isa = PBXBuildFile; fileRef = 4D345DEC26726795008FCAD0 /* AppDelegate.swift */; };
		4D345DEF26726795008FCAD0 /* SceneDelegate.swift in Sources */ = {isa = PBXBuildFile; fileRef = 4D345DEE26726795008FCAD0 /* SceneDelegate.swift */; };
		4D345DF126726795008FCAD0 /* MainViewController.swift in Sources */ = {isa = PBXBuildFile; fileRef = 4D345DF026726795008FCAD0 /* MainViewController.swift */; };
		4D345DF426726795008FCAD0 /* Main.storyboard in Resources */ = {isa = PBXBuildFile; fileRef = 4D345DF226726795008FCAD0 /* Main.storyboard */; };
		4D345DF626726796008FCAD0 /* Assets.xcassets in Resources */ = {isa = PBXBuildFile; fileRef = 4D345DF526726796008FCAD0 /* Assets.xcassets */; };
		4D345DF926726796008FCAD0 /* LaunchScreen.storyboard in Resources */ = {isa = PBXBuildFile; fileRef = 4D345DF726726796008FCAD0 /* LaunchScreen.storyboard */; };
		4D345E0126726A1B008FCAD0 /* ListViewController.swift in Sources */ = {isa = PBXBuildFile; fileRef = 4D345E0026726A1B008FCAD0 /* ListViewController.swift */; };
		4D345E0326726AE2008FCAD0 /* PokemonCell.swift in Sources */ = {isa = PBXBuildFile; fileRef = 4D345E0226726AE2008FCAD0 /* PokemonCell.swift */; };
		4D345E0526726B06008FCAD0 /* PokemonCell.xib in Resources */ = {isa = PBXBuildFile; fileRef = 4D345E0426726B06008FCAD0 /* PokemonCell.xib */; };
		4D345E0726726B5C008FCAD0 /* StyleGuide+Extensions.swift in Sources */ = {isa = PBXBuildFile; fileRef = 4D345E0626726B5C008FCAD0 /* StyleGuide+Extensions.swift */; };
		97FA57A12687252C00A868EE /* PokemonAPI.swift in Sources */ = {isa = PBXBuildFile; fileRef = 97FA57A02687252C00A868EE /* PokemonAPI.swift */; };
		97FA57A32687256900A868EE /* Pokemon.swift in Sources */ = {isa = PBXBuildFile; fileRef = 97FA57A22687256900A868EE /* Pokemon.swift */; };
		97FA57A526872F7200A868EE /* DataResponse.swift in Sources */ = {isa = PBXBuildFile; fileRef = 97FA57A426872F7200A868EE /* DataResponse.swift */; };
		97FA57A726872F9900A868EE /* GenericError.swift in Sources */ = {isa = PBXBuildFile; fileRef = 97FA57A626872F9900A868EE /* GenericError.swift */; };
		97FA57A926872FEB00A868EE /* Encodable+Conversions.swift in Sources */ = {isa = PBXBuildFile; fileRef = 97FA57A826872FEB00A868EE /* Encodable+Conversions.swift */; };
		97FA57AB2687301900A868EE /* HTTPNetworkError.swift in Sources */ = {isa = PBXBuildFile; fileRef = 97FA57AA2687301900A868EE /* HTTPNetworkError.swift */; };
		97FA57AD2687305000A868EE /* HTTPNetworkResponse+Handler.swift in Sources */ = {isa = PBXBuildFile; fileRef = 97FA57AC2687305000A868EE /* HTTPNetworkResponse+Handler.swift */; };
		97FA57AF268730DA00A868EE /* SessionManager.swift in Sources */ = {isa = PBXBuildFile; fileRef = 97FA57AE268730DA00A868EE /* SessionManager.swift */; };
		97FA57B12687310100A868EE /* NetworkLogger.swift in Sources */ = {isa = PBXBuildFile; fileRef = 97FA57B02687310100A868EE /* NetworkLogger.swift */; };
		97FA57B32687312C00A868EE /* SSLHandler.swift in Sources */ = {isa = PBXBuildFile; fileRef = 97FA57B22687312C00A868EE /* SSLHandler.swift */; };
		97FA57B52687317B00A868EE /* APIClient.swift in Sources */ = {isa = PBXBuildFile; fileRef = 97FA57B42687317B00A868EE /* APIClient.swift */; };
		97FA57B72687319D00A868EE /* NetworkClient.swift in Sources */ = {isa = PBXBuildFile; fileRef = 97FA57B62687319D00A868EE /* NetworkClient.swift */; };
		97FA57BA2687324E00A868EE /* Publisher.swift in Sources */ = {isa = PBXBuildFile; fileRef = 97FA57B92687324E00A868EE /* Publisher.swift */; };
		97FA57BC2687329D00A868EE /* RequestType.swift in Sources */ = {isa = PBXBuildFile; fileRef = 97FA57BB2687329D00A868EE /* RequestType.swift */; };
		97FA57C12687339600A868EE /* ListViewModel.swift in Sources */ = {isa = PBXBuildFile; fileRef = 97FA57C02687339600A868EE /* ListViewModel.swift */; };
		97FA57C32687915F00A868EE /* AppContants.swift in Sources */ = {isa = PBXBuildFile; fileRef = 97FA57C22687915F00A868EE /* AppContants.swift */; };
		97FA57C926879AE200A868EE /* UIImageView+Download.swift in Sources */ = {isa = PBXBuildFile; fileRef = 97FA57C826879AE200A868EE /* UIImageView+Download.swift */; };
		97FA57CB26879EDB00A868EE /* CacheManager.swift in Sources */ = {isa = PBXBuildFile; fileRef = 97FA57CA26879EDB00A868EE /* CacheManager.swift */; };
		97FA57CE26886B6E00A868EE /* PrimaryAlertView.swift in Sources */ = {isa = PBXBuildFile; fileRef = 97FA57CD26886B6E00A868EE /* PrimaryAlertView.swift */; };
		97FA57D02688756000A868EE /* PrimarySolidButton.swift in Sources */ = {isa = PBXBuildFile; fileRef = 97FA57CF2688756000A868EE /* PrimarySolidButton.swift */; };
		97FA57D22688756D00A868EE /* SecondaryButton.swift in Sources */ = {isa = PBXBuildFile; fileRef = 97FA57D12688756D00A868EE /* SecondaryButton.swift */; };
		97FA57D42688758800A868EE /* PrimaryAlertView.xib in Resources */ = {isa = PBXBuildFile; fileRef = 97FA57D32688758800A868EE /* PrimaryAlertView.xib */; };
		97FA57D72688768100A868EE /* BaseViewController.swift in Sources */ = {isa = PBXBuildFile; fileRef = 97FA57D62688768100A868EE /* BaseViewController.swift */; };
		97FA57D926889D5400A868EE /* UIView+Extensions.swift in Sources */ = {isa = PBXBuildFile; fileRef = 97FA57D826889D5400A868EE /* UIView+Extensions.swift */; };
		97FA57DB26889D8500A868EE /* UITableView+Dequeue.swift in Sources */ = {isa = PBXBuildFile; fileRef = 97FA57DA26889D8500A868EE /* UITableView+Dequeue.swift */; };
/* End PBXBuildFile section */

/* Begin PBXFileReference section */
		4D345DE926726795008FCAD0 /* Task2.app */ = {isa = PBXFileReference; explicitFileType = wrapper.application; includeInIndex = 0; path = Task2.app; sourceTree = BUILT_PRODUCTS_DIR; };
		4D345DEC26726795008FCAD0 /* AppDelegate.swift */ = {isa = PBXFileReference; lastKnownFileType = sourcecode.swift; path = AppDelegate.swift; sourceTree = "<group>"; };
		4D345DEE26726795008FCAD0 /* SceneDelegate.swift */ = {isa = PBXFileReference; lastKnownFileType = sourcecode.swift; path = SceneDelegate.swift; sourceTree = "<group>"; };
		4D345DF026726795008FCAD0 /* MainViewController.swift */ = {isa = PBXFileReference; lastKnownFileType = sourcecode.swift; path = MainViewController.swift; sourceTree = "<group>"; };
		4D345DF326726795008FCAD0 /* Base */ = {isa = PBXFileReference; lastKnownFileType = file.storyboard; name = Base; path = Base.lproj/Main.storyboard; sourceTree = "<group>"; };
		4D345DF526726796008FCAD0 /* Assets.xcassets */ = {isa = PBXFileReference; lastKnownFileType = folder.assetcatalog; path = Assets.xcassets; sourceTree = "<group>"; };
		4D345DF826726796008FCAD0 /* Base */ = {isa = PBXFileReference; lastKnownFileType = file.storyboard; name = Base; path = Base.lproj/LaunchScreen.storyboard; sourceTree = "<group>"; };
		4D345DFA26726796008FCAD0 /* Info.plist */ = {isa = PBXFileReference; lastKnownFileType = text.plist.xml; path = Info.plist; sourceTree = "<group>"; };
		4D345E0026726A1B008FCAD0 /* ListViewController.swift */ = {isa = PBXFileReference; lastKnownFileType = sourcecode.swift; path = ListViewController.swift; sourceTree = "<group>"; };
		4D345E0226726AE2008FCAD0 /* PokemonCell.swift */ = {isa = PBXFileReference; lastKnownFileType = sourcecode.swift; path = PokemonCell.swift; sourceTree = "<group>"; };
		4D345E0426726B06008FCAD0 /* PokemonCell.xib */ = {isa = PBXFileReference; lastKnownFileType = file.xib; path = PokemonCell.xib; sourceTree = "<group>"; };
		4D345E0626726B5C008FCAD0 /* StyleGuide+Extensions.swift */ = {isa = PBXFileReference; lastKnownFileType = sourcecode.swift; path = "StyleGuide+Extensions.swift"; sourceTree = "<group>"; };
		97FA57A02687252C00A868EE /* PokemonAPI.swift */ = {isa = PBXFileReference; lastKnownFileType = sourcecode.swift; path = PokemonAPI.swift; sourceTree = "<group>"; };
		97FA57A22687256900A868EE /* Pokemon.swift */ = {isa = PBXFileReference; lastKnownFileType = sourcecode.swift; path = Pokemon.swift; sourceTree = "<group>"; };
		97FA57A426872F7200A868EE /* DataResponse.swift */ = {isa = PBXFileReference; lastKnownFileType = sourcecode.swift; path = DataResponse.swift; sourceTree = "<group>"; };
		97FA57A626872F9900A868EE /* GenericError.swift */ = {isa = PBXFileReference; lastKnownFileType = sourcecode.swift; path = GenericError.swift; sourceTree = "<group>"; };
		97FA57A826872FEB00A868EE /* Encodable+Conversions.swift */ = {isa = PBXFileReference; lastKnownFileType = sourcecode.swift; path = "Encodable+Conversions.swift"; sourceTree = "<group>"; };
		97FA57AA2687301900A868EE /* HTTPNetworkError.swift */ = {isa = PBXFileReference; lastKnownFileType = sourcecode.swift; path = HTTPNetworkError.swift; sourceTree = "<group>"; };
		97FA57AC2687305000A868EE /* HTTPNetworkResponse+Handler.swift */ = {isa = PBXFileReference; lastKnownFileType = sourcecode.swift; path = "HTTPNetworkResponse+Handler.swift"; sourceTree = "<group>"; };
		97FA57AE268730DA00A868EE /* SessionManager.swift */ = {isa = PBXFileReference; lastKnownFileType = sourcecode.swift; path = SessionManager.swift; sourceTree = "<group>"; };
		97FA57B02687310100A868EE /* NetworkLogger.swift */ = {isa = PBXFileReference; lastKnownFileType = sourcecode.swift; path = NetworkLogger.swift; sourceTree = "<group>"; };
		97FA57B22687312C00A868EE /* SSLHandler.swift */ = {isa = PBXFileReference; lastKnownFileType = sourcecode.swift; path = SSLHandler.swift; sourceTree = "<group>"; };
		97FA57B42687317B00A868EE /* APIClient.swift */ = {isa = PBXFileReference; lastKnownFileType = sourcecode.swift; path = APIClient.swift; sourceTree = "<group>"; };
		97FA57B62687319D00A868EE /* NetworkClient.swift */ = {isa = PBXFileReference; lastKnownFileType = sourcecode.swift; path = NetworkClient.swift; sourceTree = "<group>"; };
		97FA57B92687324E00A868EE /* Publisher.swift */ = {isa = PBXFileReference; lastKnownFileType = sourcecode.swift; path = Publisher.swift; sourceTree = "<group>"; };
		97FA57BB2687329D00A868EE /* RequestType.swift */ = {isa = PBXFileReference; lastKnownFileType = sourcecode.swift; path = RequestType.swift; sourceTree = "<group>"; };
		97FA57C02687339600A868EE /* ListViewModel.swift */ = {isa = PBXFileReference; lastKnownFileType = sourcecode.swift; path = ListViewModel.swift; sourceTree = "<group>"; };
		97FA57C22687915F00A868EE /* AppContants.swift */ = {isa = PBXFileReference; lastKnownFileType = sourcecode.swift; path = AppContants.swift; sourceTree = "<group>"; };
		97FA57C826879AE200A868EE /* UIImageView+Download.swift */ = {isa = PBXFileReference; lastKnownFileType = sourcecode.swift; path = "UIImageView+Download.swift"; sourceTree = "<group>"; };
		97FA57CA26879EDB00A868EE /* CacheManager.swift */ = {isa = PBXFileReference; lastKnownFileType = sourcecode.swift; path = CacheManager.swift; sourceTree = "<group>"; };
		97FA57CD26886B6E00A868EE /* PrimaryAlertView.swift */ = {isa = PBXFileReference; lastKnownFileType = sourcecode.swift; path = PrimaryAlertView.swift; sourceTree = "<group>"; };
		97FA57CF2688756000A868EE /* PrimarySolidButton.swift */ = {isa = PBXFileReference; lastKnownFileType = sourcecode.swift; path = PrimarySolidButton.swift; sourceTree = "<group>"; };
		97FA57D12688756D00A868EE /* SecondaryButton.swift */ = {isa = PBXFileReference; lastKnownFileType = sourcecode.swift; path = SecondaryButton.swift; sourceTree = "<group>"; };
		97FA57D32688758800A868EE /* PrimaryAlertView.xib */ = {isa = PBXFileReference; lastKnownFileType = file.xib; path = PrimaryAlertView.xib; sourceTree = "<group>"; };
		97FA57D62688768100A868EE /* BaseViewController.swift */ = {isa = PBXFileReference; lastKnownFileType = sourcecode.swift; path = BaseViewController.swift; sourceTree = "<group>"; };
		97FA57D826889D5400A868EE /* UIView+Extensions.swift */ = {isa = PBXFileReference; lastKnownFileType = sourcecode.swift; path = "UIView+Extensions.swift"; sourceTree = "<group>"; };
		97FA57DA26889D8500A868EE /* UITableView+Dequeue.swift */ = {isa = PBXFileReference; lastKnownFileType = sourcecode.swift; path = "UITableView+Dequeue.swift"; sourceTree = "<group>"; };
/* End PBXFileReference section */

/* Begin PBXFrameworksBuildPhase section */
		4D345DE626726795008FCAD0 /* Frameworks */ = {
			isa = PBXFrameworksBuildPhase;
			buildActionMask = 2147483647;
			files = (
			);
			runOnlyForDeploymentPostprocessing = 0;
		};
/* End PBXFrameworksBuildPhase section */

/* Begin PBXGroup section */
		4D345DE026726795008FCAD0 = {
			isa = PBXGroup;
			children = (
				4D345DEB26726795008FCAD0 /* Task2 */,
				4D345DEA26726795008FCAD0 /* Products */,
			);
			sourceTree = "<group>";
		};
		4D345DEA26726795008FCAD0 /* Products */ = {
			isa = PBXGroup;
			children = (
				4D345DE926726795008FCAD0 /* Task2.app */,
			);
			name = Products;
			sourceTree = "<group>";
		};
		4D345DEB26726795008FCAD0 /* Task2 */ = {
			isa = PBXGroup;
			children = (
				97FA57BD2687330700A868EE /* Utilities+Reusable */,
				97FA5643268722C800A868EE /* APILayer */,
				97FA57BE2687335400A868EE /* ListModule */,
				97FA57DD2688C94D00A868EE /* OnboardingModule */,
				97FA57DE2688C96600A868EE /* BaseViewController */,
				4D345DF226726795008FCAD0 /* Main.storyboard */,
				4D345E0826726BBE008FCAD0 /* Support Files */,
				4D345DFA26726796008FCAD0 /* Info.plist */,
			);
			path = Task2;
			sourceTree = "<group>";
		};
		4D345E0826726BBE008FCAD0 /* Support Files */ = {
			isa = PBXGroup;
			children = (
				4D345DF526726796008FCAD0 /* Assets.xcassets */,
				4D345DF726726796008FCAD0 /* LaunchScreen.storyboard */,
				4D345DEC26726795008FCAD0 /* AppDelegate.swift */,
				4D345DEE26726795008FCAD0 /* SceneDelegate.swift */,
			);
			path = "Support Files";
			sourceTree = "<group>";
		};
		97FA5643268722C800A868EE /* APILayer */ = {
			isa = PBXGroup;
			children = (
				97FA57B42687317B00A868EE /* APIClient.swift */,
				97FA57CA26879EDB00A868EE /* CacheManager.swift */,
				97FA57B8268731EB00A868EE /* NetworKClient */,
				97FA56472687230E00A868EE /* Networking+Helpers */,
				97FA56512687230E00A868EE /* Models+Network+Generic */,
			);
			path = APILayer;
			sourceTree = "<group>";
		};
		97FA56472687230E00A868EE /* Networking+Helpers */ = {
			isa = PBXGroup;
			children = (
				97FA56482687230E00A868EE /* Encoding */,
				97FA564A2687230E00A868EE /* Service */,
			);
			path = "Networking+Helpers";
			sourceTree = "<group>";
		};
		97FA56482687230E00A868EE /* Encoding */ = {
			isa = PBXGroup;
			children = (
				97FA57A826872FEB00A868EE /* Encodable+Conversions.swift */,
			);
			path = Encoding;
			sourceTree = "<group>";
		};
		97FA564A2687230E00A868EE /* Service */ = {
			isa = PBXGroup;
			children = (
				97FA57AA2687301900A868EE /* HTTPNetworkError.swift */,
				97FA57AC2687305000A868EE /* HTTPNetworkResponse+Handler.swift */,
				97FA57AE268730DA00A868EE /* SessionManager.swift */,
				97FA57B02687310100A868EE /* NetworkLogger.swift */,
				97FA57B22687312C00A868EE /* SSLHandler.swift */,
			);
			path = Service;
			sourceTree = "<group>";
		};
		97FA56512687230E00A868EE /* Models+Network+Generic */ = {
			isa = PBXGroup;
			children = (
				97FA57A426872F7200A868EE /* DataResponse.swift */,
				97FA57A626872F9900A868EE /* GenericError.swift */,
			);
			path = "Models+Network+Generic";
			sourceTree = "<group>";
		};
		97FA579F2687251100A868EE /* APIs+Models */ = {
			isa = PBXGroup;
			children = (
				97FA57A22687256900A868EE /* Pokemon.swift */,
				97FA57A02687252C00A868EE /* PokemonAPI.swift */,
			);
			path = "APIs+Models";
			sourceTree = "<group>";
		};
		97FA57B8268731EB00A868EE /* NetworKClient */ = {
			isa = PBXGroup;
			children = (
				97FA57B62687319D00A868EE /* NetworkClient.swift */,
				97FA57BB2687329D00A868EE /* RequestType.swift */,
			);
			path = NetworKClient;
			sourceTree = "<group>";
		};
		97FA57BD2687330700A868EE /* Utilities+Reusable */ = {
			isa = PBXGroup;
			children = (
				97FA57CC26886B5800A868EE /* Components */,
				97FA57DC26889DB200A868EE /* Extensions */,
				97FA57B92687324E00A868EE /* Publisher.swift */,
				97FA57C22687915F00A868EE /* AppContants.swift */,
			);
			path = "Utilities+Reusable";
			sourceTree = "<group>";
		};
		97FA57BE2687335400A868EE /* ListModule */ = {
			isa = PBXGroup;
			children = (
				4D345E0026726A1B008FCAD0 /* ListViewController.swift */,
				97FA57C02687339600A868EE /* ListViewModel.swift */,
				97FA57BF2687337800A868EE /* TableViewCells */,
				97FA579F2687251100A868EE /* APIs+Models */,
			);
			path = ListModule;
			sourceTree = "<group>";
		};
		97FA57BF2687337800A868EE /* TableViewCells */ = {
			isa = PBXGroup;
			children = (
				4D345E0226726AE2008FCAD0 /* PokemonCell.swift */,
				4D345E0426726B06008FCAD0 /* PokemonCell.xib */,
			);
			path = TableViewCells;
			sourceTree = "<group>";
		};
		97FA57CC26886B5800A868EE /* Components */ = {
			isa = PBXGroup;
			children = (
				97FA57D5268875DF00A868EE /* Alert */,
				97FA57D12688756D00A868EE /* SecondaryButton.swift */,
				97FA57CF2688756000A868EE /* PrimarySolidButton.swift */,
			);
			path = Components;
			sourceTree = "<group>";
		};
		97FA57D5268875DF00A868EE /* Alert */ = {
			isa = PBXGroup;
			children = (
				97FA57CD26886B6E00A868EE /* PrimaryAlertView.swift */,
				97FA57D32688758800A868EE /* PrimaryAlertView.xib */,
			);
			path = Alert;
			sourceTree = "<group>";
		};
		97FA57DC26889DB200A868EE /* Extensions */ = {
			isa = PBXGroup;
			children = (
				4D345E0626726B5C008FCAD0 /* StyleGuide+Extensions.swift */,
				97FA57DA26889D8500A868EE /* UITableView+Dequeue.swift */,
				97FA57D826889D5400A868EE /* UIView+Extensions.swift */,
				97FA57C826879AE200A868EE /* UIImageView+Download.swift */,
			);
			path = Extensions;
			sourceTree = "<group>";
		};
		97FA57DD2688C94D00A868EE /* OnboardingModule */ = {
			isa = PBXGroup;
			children = (
				4D345DF026726795008FCAD0 /* MainViewController.swift */,
			);
			path = OnboardingModule;
			sourceTree = "<group>";
		};
		97FA57DE2688C96600A868EE /* BaseViewController */ = {
			isa = PBXGroup;
			children = (
				97FA57D62688768100A868EE /* BaseViewController.swift */,
			);
			path = BaseViewController;
			sourceTree = "<group>";
		};
/* End PBXGroup section */

/* Begin PBXNativeTarget section */
		4D345DE826726795008FCAD0 /* Task2 */ = {
			isa = PBXNativeTarget;
			buildConfigurationList = 4D345DFD26726796008FCAD0 /* Build configuration list for PBXNativeTarget "Task2" */;
			buildPhases = (
				4D345DE526726795008FCAD0 /* Sources */,
				4D345DE626726795008FCAD0 /* Frameworks */,
				4D345DE726726795008FCAD0 /* Resources */,
			);
			buildRules = (
			);
			dependencies = (
			);
			name = Task2;
			productName = Task2;
			productReference = 4D345DE926726795008FCAD0 /* Task2.app */;
			productType = "com.apple.product-type.application";
		};
/* End PBXNativeTarget section */

/* Begin PBXProject section */
		4D345DE126726795008FCAD0 /* Project object */ = {
			isa = PBXProject;
			attributes = {
				LastSwiftUpdateCheck = 1250;
				LastUpgradeCheck = 1250;
				TargetAttributes = {
					4D345DE826726795008FCAD0 = {
						CreatedOnToolsVersion = 12.5;
					};
				};
			};
			buildConfigurationList = 4D345DE426726795008FCAD0 /* Build configuration list for PBXProject "Task2" */;
			compatibilityVersion = "Xcode 9.3";
			developmentRegion = en;
			hasScannedForEncodings = 0;
			knownRegions = (
				en,
				Base,
			);
			mainGroup = 4D345DE026726795008FCAD0;
			productRefGroup = 4D345DEA26726795008FCAD0 /* Products */;
			projectDirPath = "";
			projectRoot = "";
			targets = (
				4D345DE826726795008FCAD0 /* Task2 */,
			);
		};
/* End PBXProject section */

/* Begin PBXResourcesBuildPhase section */
		4D345DE726726795008FCAD0 /* Resources */ = {
			isa = PBXResourcesBuildPhase;
			buildActionMask = 2147483647;
			files = (
				4D345DF926726796008FCAD0 /* LaunchScreen.storyboard in Resources */,
				4D345E0526726B06008FCAD0 /* PokemonCell.xib in Resources */,
				97FA57D42688758800A868EE /* PrimaryAlertView.xib in Resources */,
				4D345DF626726796008FCAD0 /* Assets.xcassets in Resources */,
				4D345DF426726795008FCAD0 /* Main.storyboard in Resources */,
			);
			runOnlyForDeploymentPostprocessing = 0;
		};
/* End PBXResourcesBuildPhase section */

/* Begin PBXSourcesBuildPhase section */
		4D345DE526726795008FCAD0 /* Sources */ = {
			isa = PBXSourcesBuildPhase;
			buildActionMask = 2147483647;
			files = (
				97FA57B72687319D00A868EE /* NetworkClient.swift in Sources */,
				97FA57B12687310100A868EE /* NetworkLogger.swift in Sources */,
				4D345E0326726AE2008FCAD0 /* PokemonCell.swift in Sources */,
				97FA57CE26886B6E00A868EE /* PrimaryAlertView.swift in Sources */,
				97FA57A32687256900A868EE /* Pokemon.swift in Sources */,
				97FA57D72688768100A868EE /* BaseViewController.swift in Sources */,
				97FA57CB26879EDB00A868EE /* CacheManager.swift in Sources */,
				97FA57A926872FEB00A868EE /* Encodable+Conversions.swift in Sources */,
				4D345E0726726B5C008FCAD0 /* StyleGuide+Extensions.swift in Sources */,
				97FA57AB2687301900A868EE /* HTTPNetworkError.swift in Sources */,
				4D345DF126726795008FCAD0 /* MainViewController.swift in Sources */,
				97FA57A726872F9900A868EE /* GenericError.swift in Sources */,
				97FA57AD2687305000A868EE /* HTTPNetworkResponse+Handler.swift in Sources */,
				97FA57B32687312C00A868EE /* SSLHandler.swift in Sources */,
				4D345DED26726795008FCAD0 /* AppDelegate.swift in Sources */,
				4D345E0126726A1B008FCAD0 /* ListViewController.swift in Sources */,
				4D345DEF26726795008FCAD0 /* SceneDelegate.swift in Sources */,
				97FA57A12687252C00A868EE /* PokemonAPI.swift in Sources */,
				97FA57DB26889D8500A868EE /* UITableView+Dequeue.swift in Sources */,
				97FA57A526872F7200A868EE /* DataResponse.swift in Sources */,
				97FA57D22688756D00A868EE /* SecondaryButton.swift in Sources */,
				97FA57D02688756000A868EE /* PrimarySolidButton.swift in Sources */,
				97FA57C12687339600A868EE /* ListViewModel.swift in Sources */,
				97FA57BA2687324E00A868EE /* Publisher.swift in Sources */,
				97FA57D926889D5400A868EE /* UIView+Extensions.swift in Sources */,
				97FA57AF268730DA00A868EE /* SessionManager.swift in Sources */,
				97FA57B52687317B00A868EE /* APIClient.swift in Sources */,
				97FA57BC2687329D00A868EE /* RequestType.swift in Sources */,
				97FA57C926879AE200A868EE /* UIImageView+Download.swift in Sources */,
				97FA57C32687915F00A868EE /* AppContants.swift in Sources */,
			);
			runOnlyForDeploymentPostprocessing = 0;
		};
/* End PBXSourcesBuildPhase section */

/* Begin PBXVariantGroup section */
		4D345DF226726795008FCAD0 /* Main.storyboard */ = {
			isa = PBXVariantGroup;
			children = (
				4D345DF326726795008FCAD0 /* Base */,
			);
			name = Main.storyboard;
			sourceTree = "<group>";
		};
		4D345DF726726796008FCAD0 /* LaunchScreen.storyboard */ = {
			isa = PBXVariantGroup;
			children = (
				4D345DF826726796008FCAD0 /* Base */,
			);
			name = LaunchScreen.storyboard;
			sourceTree = "<group>";
		};
/* End PBXVariantGroup section */

/* Begin XCBuildConfiguration section */
		4D345DFB26726796008FCAD0 /* Debug */ = {
			isa = XCBuildConfiguration;
			buildSettings = {
				ALWAYS_SEARCH_USER_PATHS = NO;
				CLANG_ANALYZER_NONNULL = YES;
				CLANG_ANALYZER_NUMBER_OBJECT_CONVERSION = YES_AGGRESSIVE;
				CLANG_CXX_LANGUAGE_STANDARD = "gnu++14";
				CLANG_CXX_LIBRARY = "libc++";
				CLANG_ENABLE_MODULES = YES;
				CLANG_ENABLE_OBJC_ARC = YES;
				CLANG_ENABLE_OBJC_WEAK = YES;
				CLANG_WARN_BLOCK_CAPTURE_AUTORELEASING = YES;
				CLANG_WARN_BOOL_CONVERSION = YES;
				CLANG_WARN_COMMA = YES;
				CLANG_WARN_CONSTANT_CONVERSION = YES;
				CLANG_WARN_DEPRECATED_OBJC_IMPLEMENTATIONS = YES;
				CLANG_WARN_DIRECT_OBJC_ISA_USAGE = YES_ERROR;
				CLANG_WARN_DOCUMENTATION_COMMENTS = YES;
				CLANG_WARN_EMPTY_BODY = YES;
				CLANG_WARN_ENUM_CONVERSION = YES;
				CLANG_WARN_INFINITE_RECURSION = YES;
				CLANG_WARN_INT_CONVERSION = YES;
				CLANG_WARN_NON_LITERAL_NULL_CONVERSION = YES;
				CLANG_WARN_OBJC_IMPLICIT_RETAIN_SELF = YES;
				CLANG_WARN_OBJC_LITERAL_CONVERSION = YES;
				CLANG_WARN_OBJC_ROOT_CLASS = YES_ERROR;
				CLANG_WARN_QUOTED_INCLUDE_IN_FRAMEWORK_HEADER = YES;
				CLANG_WARN_RANGE_LOOP_ANALYSIS = YES;
				CLANG_WARN_STRICT_PROTOTYPES = YES;
				CLANG_WARN_SUSPICIOUS_MOVE = YES;
				CLANG_WARN_UNGUARDED_AVAILABILITY = YES_AGGRESSIVE;
				CLANG_WARN_UNREACHABLE_CODE = YES;
				CLANG_WARN__DUPLICATE_METHOD_MATCH = YES;
				COPY_PHASE_STRIP = NO;
				DEBUG_INFORMATION_FORMAT = dwarf;
				ENABLE_STRICT_OBJC_MSGSEND = YES;
				ENABLE_TESTABILITY = YES;
				GCC_C_LANGUAGE_STANDARD = gnu11;
				GCC_DYNAMIC_NO_PIC = NO;
				GCC_NO_COMMON_BLOCKS = YES;
				GCC_OPTIMIZATION_LEVEL = 0;
				GCC_PREPROCESSOR_DEFINITIONS = (
					"DEBUG=1",
					"$(inherited)",
				);
				GCC_WARN_64_TO_32_BIT_CONVERSION = YES;
				GCC_WARN_ABOUT_RETURN_TYPE = YES_ERROR;
				GCC_WARN_UNDECLARED_SELECTOR = YES;
				GCC_WARN_UNINITIALIZED_AUTOS = YES_AGGRESSIVE;
				GCC_WARN_UNUSED_FUNCTION = YES;
				GCC_WARN_UNUSED_VARIABLE = YES;
				IPHONEOS_DEPLOYMENT_TARGET = 14.5;
				MTL_ENABLE_DEBUG_INFO = INCLUDE_SOURCE;
				MTL_FAST_MATH = YES;
				ONLY_ACTIVE_ARCH = YES;
				SDKROOT = iphoneos;
				SWIFT_ACTIVE_COMPILATION_CONDITIONS = DEBUG;
				SWIFT_OPTIMIZATION_LEVEL = "-Onone";
			};
			name = Debug;
		};
		4D345DFC26726796008FCAD0 /* Release */ = {
			isa = XCBuildConfiguration;
			buildSettings = {
				ALWAYS_SEARCH_USER_PATHS = NO;
				CLANG_ANALYZER_NONNULL = YES;
				CLANG_ANALYZER_NUMBER_OBJECT_CONVERSION = YES_AGGRESSIVE;
				CLANG_CXX_LANGUAGE_STANDARD = "gnu++14";
				CLANG_CXX_LIBRARY = "libc++";
				CLANG_ENABLE_MODULES = YES;
				CLANG_ENABLE_OBJC_ARC = YES;
				CLANG_ENABLE_OBJC_WEAK = YES;
				CLANG_WARN_BLOCK_CAPTURE_AUTORELEASING = YES;
				CLANG_WARN_BOOL_CONVERSION = YES;
				CLANG_WARN_COMMA = YES;
				CLANG_WARN_CONSTANT_CONVERSION = YES;
				CLANG_WARN_DEPRECATED_OBJC_IMPLEMENTATIONS = YES;
				CLANG_WARN_DIRECT_OBJC_ISA_USAGE = YES_ERROR;
				CLANG_WARN_DOCUMENTATION_COMMENTS = YES;
				CLANG_WARN_EMPTY_BODY = YES;
				CLANG_WARN_ENUM_CONVERSION = YES;
				CLANG_WARN_INFINITE_RECURSION = YES;
				CLANG_WARN_INT_CONVERSION = YES;
				CLANG_WARN_NON_LITERAL_NULL_CONVERSION = YES;
				CLANG_WARN_OBJC_IMPLICIT_RETAIN_SELF = YES;
				CLANG_WARN_OBJC_LITERAL_CONVERSION = YES;
				CLANG_WARN_OBJC_ROOT_CLASS = YES_ERROR;
				CLANG_WARN_QUOTED_INCLUDE_IN_FRAMEWORK_HEADER = YES;
				CLANG_WARN_RANGE_LOOP_ANALYSIS = YES;
				CLANG_WARN_STRICT_PROTOTYPES = YES;
				CLANG_WARN_SUSPICIOUS_MOVE = YES;
				CLANG_WARN_UNGUARDED_AVAILABILITY = YES_AGGRESSIVE;
				CLANG_WARN_UNREACHABLE_CODE = YES;
				CLANG_WARN__DUPLICATE_METHOD_MATCH = YES;
				COPY_PHASE_STRIP = NO;
				DEBUG_INFORMATION_FORMAT = "dwarf-with-dsym";
				ENABLE_NS_ASSERTIONS = NO;
				ENABLE_STRICT_OBJC_MSGSEND = YES;
				GCC_C_LANGUAGE_STANDARD = gnu11;
				GCC_NO_COMMON_BLOCKS = YES;
				GCC_WARN_64_TO_32_BIT_CONVERSION = YES;
				GCC_WARN_ABOUT_RETURN_TYPE = YES_ERROR;
				GCC_WARN_UNDECLARED_SELECTOR = YES;
				GCC_WARN_UNINITIALIZED_AUTOS = YES_AGGRESSIVE;
				GCC_WARN_UNUSED_FUNCTION = YES;
				GCC_WARN_UNUSED_VARIABLE = YES;
				IPHONEOS_DEPLOYMENT_TARGET = 14.5;
				MTL_ENABLE_DEBUG_INFO = NO;
				MTL_FAST_MATH = YES;
				SDKROOT = iphoneos;
				SWIFT_COMPILATION_MODE = wholemodule;
				SWIFT_OPTIMIZATION_LEVEL = "-O";
				VALIDATE_PRODUCT = YES;
			};
			name = Release;
		};
		4D345DFE26726796008FCAD0 /* Debug */ = {
			isa = XCBuildConfiguration;
			buildSettings = {
				ASSETCATALOG_COMPILER_APPICON_NAME = AppIcon;
				ASSETCATALOG_COMPILER_GLOBAL_ACCENT_COLOR_NAME = AccentColor;
				CODE_SIGN_STYLE = Automatic;
				INFOPLIST_FILE = Task2/Info.plist;
				LD_RUNPATH_SEARCH_PATHS = (
					"$(inherited)",
					"@executable_path/Frameworks",
				);
				PRODUCT_BUNDLE_IDENTIFIER = de.oculavis.Task2;
				PRODUCT_NAME = "$(TARGET_NAME)";
				SWIFT_VERSION = 5.0;
				TARGETED_DEVICE_FAMILY = "1,2";
			};
			name = Debug;
		};
		4D345DFF26726796008FCAD0 /* Release */ = {
			isa = XCBuildConfiguration;
			buildSettings = {
				ASSETCATALOG_COMPILER_APPICON_NAME = AppIcon;
				ASSETCATALOG_COMPILER_GLOBAL_ACCENT_COLOR_NAME = AccentColor;
				CODE_SIGN_STYLE = Automatic;
				INFOPLIST_FILE = Task2/Info.plist;
				LD_RUNPATH_SEARCH_PATHS = (
					"$(inherited)",
					"@executable_path/Frameworks",
				);
				PRODUCT_BUNDLE_IDENTIFIER = de.oculavis.Task2;
				PRODUCT_NAME = "$(TARGET_NAME)";
				SWIFT_VERSION = 5.0;
				TARGETED_DEVICE_FAMILY = "1,2";
			};
			name = Release;
		};
/* End XCBuildConfiguration section */

/* Begin XCConfigurationList section */
		4D345DE426726795008FCAD0 /* Build configuration list for PBXProject "Task2" */ = {
			isa = XCConfigurationList;
			buildConfigurations = (
				4D345DFB26726796008FCAD0 /* Debug */,
				4D345DFC26726796008FCAD0 /* Release */,
			);
			defaultConfigurationIsVisible = 0;
			defaultConfigurationName = Release;
		};
		4D345DFD26726796008FCAD0 /* Build configuration list for PBXNativeTarget "Task2" */ = {
			isa = XCConfigurationList;
			buildConfigurations = (
				4D345DFE26726796008FCAD0 /* Debug */,
				4D345DFF26726796008FCAD0 /* Release */,
			);
			defaultConfigurationIsVisible = 0;
			defaultConfigurationName = Release;
		};
/* End XCConfigurationList section */
	};
	rootObject = 4D345DE126726795008FCAD0 /* Project object */;
}
